
Microsoft Visual Studio Solution File, Format Version 12.00
# Visual Studio Version 17
VisualStudioVersion = 17.3.32922.545
MinimumVisualStudioVersion = 10.0.40219.1
Project("{9A19103F-16F7-4668-BE54-9A1E7A4F7556}") = "DataAccess", "DataAccess\DataAccess.csproj", "{65A3E601-7281-4ECA-9E05-7702FFBD7D92}"
EndProject
Project("{9A19103F-16F7-4668-BE54-9A1E7A4F7556}") = "Business", "Business\Business.csproj", "{DEF0BB75-60F5-45DD-927E-C1F502BB3E83}"
EndProject
Project("{9A19103F-16F7-4668-BE54-9A1E7A4F7556}") = "Entities", "Entities\Entities.csproj", "{6DCC7444-F1AD-473A-A0A0-F3AD0B37B967}"
EndProject
Project("{9A19103F-16F7-4668-BE54-9A1E7A4F7556}") = "ConsoleUI", "ConsoleUI\ConsoleUI.csproj", "{D928C6E7-2A8C-41F2-8677-D96D1A1E4048}"
EndProject
Project("{FAE04EC0-301F-11D3-BF4B-00C04F79EFBC}") = "Core", "Core\Core.csproj", "{3AC2FB6D-D899-4DEB-BF31-2048F9372488}"
EndProject
Global
	GlobalSection(SolutionConfigurationPlatforms) = preSolution
		Debug|Any CPU = Debug|Any CPU
		Release|Any CPU = Release|Any CPU
	EndGlobalSection
	GlobalSection(ProjectConfigurationPlatforms) = postSolution
		{65A3E601-7281-4ECA-9E05-7702FFBD7D92}.Debug|Any CPU.ActiveCfg = Debug|Any CPU
		{65A3E601-7281-4ECA-9E05-7702FFBD7D92}.Debug|Any CPU.Build.0 = Debug|Any CPU
		{65A3E601-7281-4ECA-9E05-7702FFBD7D92}.Release|Any CPU.ActiveCfg = Release|Any CPU
		{65A3E601-7281-4ECA-9E05-7702FFBD7D92}.Release|Any CPU.Build.0 = Release|Any CPU
		{DEF0BB75-60F5-45DD-927E-C1F502BB3E83}.Debug|Any CPU.ActiveCfg = Debug|Any CPU
		{DEF0BB75-60F5-45DD-927E-C1F502BB3E83}.Debug|Any CPU.Build.0 = Debug|Any CPU
		{DEF0BB75-60F5-45DD-927E-C1F502BB3E83}.Release|Any CPU.ActiveCfg = Release|Any CPU
		{DEF0BB75-60F5-45DD-927E-C1F502BB3E83}.Release|Any CPU.Build.0 = Release|Any CPU
		{6DCC7444-F1AD-473A-A0A0-F3AD0B37B967}.Debug|Any CPU.ActiveCfg = Debug|Any CPU
		{6DCC7444-F1AD-473A-A0A0-F3AD0B37B967}.Debug|Any CPU.Build.0 = Debug|Any CPU
		{6DCC7444-F1AD-473A-A0A0-F3AD0B37B967}.Release|Any CPU.ActiveCfg = Release|Any CPU
		{6DCC7444-F1AD-473A-A0A0-F3AD0B37B967}.Release|Any CPU.Build.0 = Release|Any CPU
		{D928C6E7-2A8C-41F2-8677-D96D1A1E4048}.Debug|Any CPU.ActiveCfg = Debug|Any CPU
		{D928C6E7-2A8C-41F2-8677-D96D1A1E4048}.Debug|Any CPU.Build.0 = Debug|Any CPU
		{D928C6E7-2A8C-41F2-8677-D96D1A1E4048}.Release|Any CPU.ActiveCfg = Release|Any CPU
		{D928C6E7-2A8C-41F2-8677-D96D1A1E4048}.Release|Any CPU.Build.0 = Release|Any CPU
		{3AC2FB6D-D899-4DEB-BF31-2048F9372488}.Debug|Any CPU.ActiveCfg = Debug|Any CPU
		{3AC2FB6D-D899-4DEB-BF31-2048F9372488}.Debug|Any CPU.Build.0 = Debug|Any CPU
		{3AC2FB6D-D899-4DEB-BF31-2048F9372488}.Release|Any CPU.ActiveCfg = Release|Any CPU
		{3AC2FB6D-D899-4DEB-BF31-2048F9372488}.Release|Any CPU.Build.0 = Release|Any CPU
	EndGlobalSection
	GlobalSection(SolutionProperties) = preSolution
		HideSolutionNode = FALSE
	EndGlobalSection
	GlobalSection(ExtensibilityGlobals) = postSolution
		SolutionGuid = {D4937612-49B4-45BD-8C45-89C2B2955CDD}
	EndGlobalSection
EndGlobal
